Microsoft Visual Studio Solution File, Format Version 12.00
# Visual Studio 15
VisualStudioVersion = 15.0.26124.0
MinimumVisualStudioVersion = 15.0.26124.0
Project("{F2A71F9B-5D33-465A-A702-920D77279786}") = "CryptoExchangeClient", "src\CryptoExchangeClient.fsproj", "{0DAE68DE-78F6-4AE5-82D2-C8670A52C94E}"
EndProject
Project("{F2A71F9B-5D33-465A-A702-920D77279786}") = "Examples", "examples\Examples.fsproj", "{07A951C9-7EF9-4E16-8FE5-3F57A72EAB35}"
EndProject
Project("{2150E333-8FDC-42A3-9474-1A3956D46DE8}") = "tests", "tests", "{A262B341-4196-485C-AA7E-5E7302553D9C}"
EndProject
Project("{F2A71F9B-5D33-465A-A702-920D77279786}") = "Test.CryptoExchangeClient", "tests\Test.CryptoExchangeClient\Test.CryptoExchangeClient.fsproj", "{F196DA96-7FE2-48C1-A231-50CD113B5FA4}"
EndProject
Project("{FAE04EC0-301F-11D3-BF4B-00C04F79EFBC}") = "Test.Nuget.CSharp", "tests\Test.Nuget.CSharp\Test.Nuget.CSharp.csproj", "{63E68304-9068-4F48-A454-99CAFA7A9C84}"
EndProject
Project("{F2A71F9B-5D33-465A-A702-920D77279786}") = "Test.Nuget.FSharp", "tests\Test.Nuget.FSharp\Test.Nuget.FSharp.fsproj", "{0D349A1D-4D27-4A2A-BF63-B24F5D4526D2}"
EndProject
Global
	GlobalSection(SolutionConfigurationPlatforms) = preSolution
		Debug|Any CPU = Debug|Any CPU
		Debug|x64 = Debug|x64
		Debug|x86 = Debug|x86
		Release|Any CPU = Release|Any CPU
		Release|x64 = Release|x64
		Release|x86 = Release|x86
	EndGlobalSection
	GlobalSection(ProjectConfigurationPlatforms) = postSolution
		{0DAE68DE-78F6-4AE5-82D2-C8670A52C94E}.Debug|Any CPU.ActiveCfg = Debug|Any CPU
		{0DAE68DE-78F6-4AE5-82D2-C8670A52C94E}.Debug|Any CPU.Build.0 = Debug|Any CPU
		{0DAE68DE-78F6-4AE5-82D2-C8670A52C94E}.Debug|x64.ActiveCfg = Debug|x64
		{0DAE68DE-78F6-4AE5-82D2-C8670A52C94E}.Debug|x64.Build.0 = Debug|x64
		{0DAE68DE-78F6-4AE5-82D2-C8670A52C94E}.Debug|x86.ActiveCfg = Debug|x86
		{0DAE68DE-78F6-4AE5-82D2-C8670A52C94E}.Debug|x86.Build.0 = Debug|x86
		{0DAE68DE-78F6-4AE5-82D2-C8670A52C94E}.Release|Any CPU.ActiveCfg = Release|Any CPU
		{0DAE68DE-78F6-4AE5-82D2-C8670A52C94E}.Release|Any CPU.Build.0 = Release|Any CPU
		{0DAE68DE-78F6-4AE5-82D2-C8670A52C94E}.Release|x64.ActiveCfg = Release|x64
		{0DAE68DE-78F6-4AE5-82D2-C8670A52C94E}.Release|x64.Build.0 = Release|x64
		{0DAE68DE-78F6-4AE5-82D2-C8670A52C94E}.Release|x86.ActiveCfg = Release|x86
		{0DAE68DE-78F6-4AE5-82D2-C8670A52C94E}.Release|x86.Build.0 = Release|x86
		{07A951C9-7EF9-4E16-8FE5-3F57A72EAB35}.Debug|Any CPU.ActiveCfg = Debug|Any CPU
		{07A951C9-7EF9-4E16-8FE5-3F57A72EAB35}.Debug|Any CPU.Build.0 = Debug|Any CPU
		{07A951C9-7EF9-4E16-8FE5-3F57A72EAB35}.Debug|x64.ActiveCfg = Debug|x64
		{07A951C9-7EF9-4E16-8FE5-3F57A72EAB35}.Debug|x64.Build.0 = Debug|x64
		{07A951C9-7EF9-4E16-8FE5-3F57A72EAB35}.Debug|x86.ActiveCfg = Debug|x86
		{07A951C9-7EF9-4E16-8FE5-3F57A72EAB35}.Debug|x86.Build.0 = Debug|x86
		{07A951C9-7EF9-4E16-8FE5-3F57A72EAB35}.Release|Any CPU.ActiveCfg = Release|Any CPU
		{07A951C9-7EF9-4E16-8FE5-3F57A72EAB35}.Release|Any CPU.Build.0 = Release|Any CPU
		{07A951C9-7EF9-4E16-8FE5-3F57A72EAB35}.Release|x64.ActiveCfg = Release|x64
		{07A951C9-7EF9-4E16-8FE5-3F57A72EAB35}.Release|x64.Build.0 = Release|x64
		{07A951C9-7EF9-4E16-8FE5-3F57A72EAB35}.Release|x86.ActiveCfg = Release|x86
		{07A951C9-7EF9-4E16-8FE5-3F57A72EAB35}.Release|x86.Build.0 = Release|x86
		{F196DA96-7FE2-48C1-A231-50CD113B5FA4}.Debug|Any CPU.ActiveCfg = Debug|Any CPU
		{F196DA96-7FE2-48C1-A231-50CD113B5FA4}.Debug|Any CPU.Build.0 = Debug|Any CPU
		{F196DA96-7FE2-48C1-A231-50CD113B5FA4}.Debug|x64.ActiveCfg = Debug|x64
		{F196DA96-7FE2-48C1-A231-50CD113B5FA4}.Debug|x64.Build.0 = Debug|x64
		{F196DA96-7FE2-48C1-A231-50CD113B5FA4}.Debug|x86.ActiveCfg = Debug|x86
		{F196DA96-7FE2-48C1-A231-50CD113B5FA4}.Debug|x86.Build.0 = Debug|x86
		{F196DA96-7FE2-48C1-A231-50CD113B5FA4}.Release|Any CPU.ActiveCfg = Release|Any CPU
		{F196DA96-7FE2-48C1-A231-50CD113B5FA4}.Release|Any CPU.Build.0 = Release|Any CPU
		{F196DA96-7FE2-48C1-A231-50CD113B5FA4}.Release|x64.ActiveCfg = Release|x64
		{F196DA96-7FE2-48C1-A231-50CD113B5FA4}.Release|x64.Build.0 = Release|x64
		{F196DA96-7FE2-48C1-A231-50CD113B5FA4}.Release|x86.ActiveCfg = Release|x86
		{F196DA96-7FE2-48C1-A231-50CD113B5FA4}.Release|x86.Build.0 = Release|x86
		{63E68304-9068-4F48-A454-99CAFA7A9C84}.Debug|Any CPU.ActiveCfg = Debug|Any CPU
		{63E68304-9068-4F48-A454-99CAFA7A9C84}.Debug|Any CPU.Build.0 = Debug|Any CPU
		{63E68304-9068-4F48-A454-99CAFA7A9C84}.Debug|x64.ActiveCfg = Debug|x64
		{63E68304-9068-4F48-A454-99CAFA7A9C84}.Debug|x64.Build.0 = Debug|x64
		{63E68304-9068-4F48-A454-99CAFA7A9C84}.Debug|x86.ActiveCfg = Debug|x86
		{63E68304-9068-4F48-A454-99CAFA7A9C84}.Debug|x86.Build.0 = Debug|x86
		{63E68304-9068-4F48-A454-99CAFA7A9C84}.Release|Any CPU.ActiveCfg = Release|Any CPU
		{63E68304-9068-4F48-A454-99CAFA7A9C84}.Release|Any CPU.Build.0 = Release|Any CPU
		{63E68304-9068-4F48-A454-99CAFA7A9C84}.Release|x64.ActiveCfg = Release|x64
		{63E68304-9068-4F48-A454-99CAFA7A9C84}.Release|x64.Build.0 = Release|x64
		{63E68304-9068-4F48-A454-99CAFA7A9C84}.Release|x86.ActiveCfg = Release|x86
		{63E68304-9068-4F48-A454-99CAFA7A9C84}.Release|x86.Build.0 = Release|x86
		{0D349A1D-4D27-4A2A-BF63-B24F5D4526D2}.Debug|Any CPU.ActiveCfg = Debug|Any CPU
		{0D349A1D-4D27-4A2A-BF63-B24F5D4526D2}.Debug|Any CPU.Build.0 = Debug|Any CPU
		{0D349A1D-4D27-4A2A-BF63-B24F5D4526D2}.Debug|x64.ActiveCfg = Debug|x64
		{0D349A1D-4D27-4A2A-BF63-B24F5D4526D2}.Debug|x64.Build.0 = Debug|x64
		{0D349A1D-4D27-4A2A-BF63-B24F5D4526D2}.Debug|x86.ActiveCfg = Debug|x86
		{0D349A1D-4D27-4A2A-BF63-B24F5D4526D2}.Debug|x86.Build.0 = Debug|x86
		{0D349A1D-4D27-4A2A-BF63-B24F5D4526D2}.Release|Any CPU.ActiveCfg = Release|Any CPU
		{0D349A1D-4D27-4A2A-BF63-B24F5D4526D2}.Release|Any CPU.Build.0 = Release|Any CPU
		{0D349A1D-4D27-4A2A-BF63-B24F5D4526D2}.Release|x64.ActiveCfg = Release|x64
		{0D349A1D-4D27-4A2A-BF63-B24F5D4526D2}.Release|x64.Build.0 = Release|x64
		{0D349A1D-4D27-4A2A-BF63-B24F5D4526D2}.Release|x86.ActiveCfg = Release|x86
		{0D349A1D-4D27-4A2A-BF63-B24F5D4526D2}.Release|x86.Build.0 = Release|x86
	EndGlobalSection
	GlobalSection(NestedProjects) = preSolution
		{F196DA96-7FE2-48C1-A231-50CD113B5FA4} = {A262B341-4196-485C-AA7E-5E7302553D9C}
		{63E68304-9068-4F48-A454-99CAFA7A9C84} = {A262B341-4196-485C-AA7E-5E7302553D9C}
		{0D349A1D-4D27-4A2A-BF63-B24F5D4526D2} = {A262B341-4196-485C-AA7E-5E7302553D9C}
	EndGlobalSection
EndGlobal
